
Microsoft Visual Studio Solution File, Format Version 12.00
# Visual Studio 15
VisualStudioVersion = 15.0.27428.2002
MinimumVisualStudioVersion = 10.0.40219.1
Project("{FAE04EC0-301F-11D3-BF4B-00C04F79EFBC}") = "Lingya.Xpf.Common", "src\Lingya.Xpf.Common\Lingya.Xpf.Common.csproj", "{1365BF20-F3E5-432C-89F8-2C2CAF7DCC5C}"
EndProject
Project("{FAE04EC0-301F-11D3-BF4B-00C04F79EFBC}") = "Xpf.Runtime.App", "src\ASCP.Core.Runtime\Xpf.Runtime.App.csproj", "{1432ACBE-533B-4E57-95F2-5ADF25F6E918}"
EndProject
Project("{54435603-DBB4-11D2-8724-00A0C9A8B90C}") = "Xpf.Runtime", "Xpf.Runtime\ASCP.Runtime.vdproj", "{7C5D6C18-88F9-4372-8630-2F808FC02CC5}"
EndProject
Project("{FAE04EC0-301F-11D3-BF4B-00C04F79EFBC}") = "Lingya.Xpf.Common.net40", "src\Lingya.Xpf.Common\Lingya.Xpf.Common.net40.csproj", "{9626F621-636C-4240-A333-0D8F8D1204FE}"
EndProject
Global
	GlobalSection(SolutionConfigurationPlatforms) = preSolution
		Debug|Any CPU = Debug|Any CPU
		Release|Any CPU = Release|Any CPU
	EndGlobalSection
	GlobalSection(ProjectConfigurationPlatforms) = postSolution
		{1365BF20-F3E5-432C-89F8-2C2CAF7DCC5C}.Debug|Any CPU.ActiveCfg = Debug|Any CPU
		{1365BF20-F3E5-432C-89F8-2C2CAF7DCC5C}.Debug|Any CPU.Build.0 = Debug|Any CPU
		{1365BF20-F3E5-432C-89F8-2C2CAF7DCC5C}.Release|Any CPU.ActiveCfg = Release|Any CPU
		{1365BF20-F3E5-432C-89F8-2C2CAF7DCC5C}.Release|Any CPU.Build.0 = Release|Any CPU
		{1432ACBE-533B-4E57-95F2-5ADF25F6E918}.Debug|Any CPU.ActiveCfg = Debug|Any CPU
		{1432ACBE-533B-4E57-95F2-5ADF25F6E918}.Debug|Any CPU.Build.0 = Debug|Any CPU
		{1432ACBE-533B-4E57-95F2-5ADF25F6E918}.Release|Any CPU.ActiveCfg = Release|Any CPU
		{1432ACBE-533B-4E57-95F2-5ADF25F6E918}.Release|Any CPU.Build.0 = Release|Any CPU
		{7C5D6C18-88F9-4372-8630-2F808FC02CC5}.Debug|Any CPU.ActiveCfg = Debug
		{7C5D6C18-88F9-4372-8630-2F808FC02CC5}.Debug|Any CPU.Build.0 = Debug
		{7C5D6C18-88F9-4372-8630-2F808FC02CC5}.Release|Any CPU.ActiveCfg = Release
		{7C5D6C18-88F9-4372-8630-2F808FC02CC5}.Release|Any CPU.Build.0 = Release
		{9626F621-636C-4240-A333-0D8F8D1204FE}.Debug|Any CPU.ActiveCfg = Debug|Any CPU
		{9626F621-636C-4240-A333-0D8F8D1204FE}.Debug|Any CPU.Build.0 = Debug|Any CPU
		{9626F621-636C-4240-A333-0D8F8D1204FE}.Release|Any CPU.ActiveCfg = Release|Any CPU
		{9626F621-636C-4240-A333-0D8F8D1204FE}.Release|Any CPU.Build.0 = Release|Any CPU
	EndGlobalSection
	GlobalSection(SolutionProperties) = preSolution
		HideSolutionNode = FALSE
	EndGlobalSection
	GlobalSection(ExtensibilityGlobals) = postSolution
		SolutionGuid = {21648E03-305E-4861-8641-D932A1644508}
	EndGlobalSection
EndGlobal
