
Microsoft Visual Studio Solution File, Format Version 12.00
# Visual Studio 15
VisualStudioVersion = 15.0.27428.2002
MinimumVisualStudioVersion = 10.0.40219.1
Project("{FAE04EC0-301F-11D3-BF4B-00C04F79EFBC}") = "Lingya.Xpf.Common", "src\Lingya.Xpf.Common\Lingya.Xpf.Common.csproj", "{1365BF20-F3E5-432C-89F8-2C2CAF7DCC5C}"
EndProject
Global
	GlobalSection(SolutionConfigurationPlatforms) = preSolution
		Debug|Any CPU = Debug|Any CPU
		Release|Any CPU = Release|Any CPU
	EndGlobalSection
	GlobalSection(ProjectConfigurationPlatforms) = postSolution
		{1365BF20-F3E5-432C-89F8-2C2CAF7DCC5C}.Debug|Any CPU.ActiveCfg = Debug|Any CPU
		{1365BF20-F3E5-432C-89F8-2C2CAF7DCC5C}.Debug|Any CPU.Build.0 = Debug|Any CPU
		{1365BF20-F3E5-432C-89F8-2C2CAF7DCC5C}.Release|Any CPU.ActiveCfg = Release|Any CPU
		{1365BF20-F3E5-432C-89F8-2C2CAF7DCC5C}.Release|Any CPU.Build.0 = Release|Any CPU
	EndGlobalSection
	GlobalSection(SolutionProperties) = preSolution
		HideSolutionNode = FALSE
	EndGlobalSection
	GlobalSection(ExtensibilityGlobals) = postSolution
		SolutionGuid = {21648E03-305E-4861-8641-D932A1644508}
	EndGlobalSection
EndGlobal
